{"version":4,"terraform_version":"1.10.5","serial":58,"lineage":"16b2c0f4-c935-001c-9fea-4e1cf3c3e857","outputs":{},"resources":[{"mode":"managed","type":"proxmox_virtual_environment_vm","name":"vms","provider":"provider[\"registry.opentofu.org/bpg/proxmox\"]","instances":[{"index_key":"dns-01","schema_version":0,"attributes":{"acpi":true,"agent":[],"amd_sev":[],"audio_device":[],"bios":"seabios","boot_order":["scsi0"],"cdrom":[],"clone":[{"datastore_id":"","full":true,"node_name":"","retries":1,"vm_id":9000}],"cpu":[{"affinity":"","architecture":"","cores":1,"flags":null,"hotplugged":0,"limit":0,"numa":false,"sockets":1,"type":"qemu64","units":0}],"delete_unreferenced_disks_on_destroy":true,"description":null,"disk":[{"aio":"io_uring","backup":true,"cache":"none","datastore_id":"local-lvm","discard":"ignore","file_format":"raw","file_id":"","import_from":"","interface":"scsi0","iothread":false,"path_in_datastore":"vm-107-disk-0","replicate":true,"serial":"","size":8,"speed":[],"ssd":false}],"efi_disk":[],"hook_script_file_id":null,"hostpci":[],"hotplug":null,"id":"107","initialization":[{"datastore_id":"local-lvm","dns":[],"file_format":"","interface":"ide2","ip_config":[{"ipv4":[{"address":"dhcp","gateway":""}],"ipv6":[]}],"meta_data_file_id":"","network_data_file_id":"","type":"","user_account":[{"keys":["ssh-rsa AAAAB3NzaC1yc2EAAAADAQABAAACAQDWm8iQgkZtKOhHV9Kluk/kow8R0T9SeyCz/M0S8wg8mCQOa6Yl3NW2nnEMsZt6tHCeYBrTJPO1+ROBxoTtt1D6TNpwItWvqnhbhxIKDRwFzZ7vA0aS+nf/i3roin0yaW+d2+zYh1WIES/M6ius7t6z7CT07uyUd4u+zVFJtU4mnhcL+yfYbEIJehbmdo+9xehm8Gh+VzzxHacxq2Ap6sBtixbtjIvlb56a69A7pWfvXr7+MLKl07xmjA/SGWXaqwKaChTMjVG70ZhQIGQgqhImcVGe+FlmBIl8wq87FEGFW2z0rU+ZCYQo4gQNpA38xGf677ddSDq9Cw7DQBFnEgwCiKbgwwEvxfwPb6LibMI5eiznD67PdQhVudnGlumOvFpPWOCIe7mSPZENzXuLSS+wqzsav1tumPxqAQpFLQ9b3vhlfYbD9LPV+2Is4aY3PHgZ8X3yHqAZkHgkeHh0+KJo4FNK1Z4ARp4M/fU51kox4TMqqXNwSIZC7dAwm8ruji9UUg4Z3DRFdSk7GLT0z/cd5WdNqsJnY9wfPHK8hrR4uqDzMU47k0/kM+3VIWuJuD2H+Q+2Lw9iDHwnPyUjZsRjliXtDXmcJwFDyLvcu8MeLFVsX6YycMb5NK44GCNkv5/qeN1VOZ2fcQ/LKEO401/eE8I8VkF96O76MvadU6TdFQ== konstantin.hempel@icloud.com"],"password":"**********","username":"debian"}],"user_data_file_id":"","vendor_data_file_id":""}],"ipv4_addresses":[["127.0.0.1"],["192.168.178.136"]],"ipv6_addresses":[["::1"],["2003:c5:af25:ac00:be24:11ff:febd:8ec8","fdb6:512:1a9d:0:be24:11ff:febd:8ec8","fe80::be24:11ff:febd:8ec8"]],"keyboard_layout":"en-us","kvm_arguments":null,"mac_addresses":["00:00:00:00:00:00","BC:24:11:BD:8E:C8"],"machine":null,"memory":[{"dedicated":256,"floating":0,"hugepages":"","keep_hugepages":false,"shared":0}],"migrate":false,"name":"dns-01","network_device":[{"bridge":"vmbr0","disconnected":false,"enabled":true,"firewall":false,"mac_address":"BC:24:11:BD:8E:C8","model":"virtio","mtu":0,"queues":0,"rate_limit":0,"trunks":"","vlan_id":0}],"network_interface_names":["lo","eth0"],"node_name":"pve","numa":[],"on_boot":true,"operating_system":[],"pool_id":"","protection":false,"purge_on_destroy":true,"reboot":false,"reboot_after_update":true,"rng":[],"scsi_hardware":"virtio-scsi-pci","serial_device":[],"smbios":[],"started":true,"startup":[],"stop_on_destroy":false,"tablet_device":true,"tags":["adguard","dns","network"],"template":false,"timeout_clone":1800,"timeout_create":1800,"timeout_migrate":1800,"timeout_move_disk":1800,"timeout_reboot":1800,"timeout_shutdown_vm":1800,"timeout_start_vm":1800,"timeout_stop_vm":300,"tpm_state":[],"usb":[],"vga":[{"clipboard":"","memory":16,"type":"serial0"}],"virtiofs":[],"vm_id":107,"watchdog":[]},"sensitive_attributes":[[{"type":"get_attr","value":"initialization"},{"type":"index","value":{"value":0,"type":"number"}},{"type":"get_attr","value":"user_account"},{"type":"index","value":{"value":0,"type":"number"}},{"type":"get_attr","value":"keys"},{"type":"index","value":{"value":0,"type":"number"}}],[{"type":"get_attr","value":"initialization"},{"type":"index","value":{"value":0,"type":"number"}},{"type":"get_attr","value":"user_account"},{"type":"index","value":{"value":0,"type":"number"}},{"type":"get_attr","value":"password"}]],"private":"bnVsbA=="},{"index_key":"monitor-01","schema_version":0,"attributes":{"acpi":true,"agent":[],"amd_sev":[],"audio_device":[],"bios":"seabios","boot_order":["scsi0"],"cdrom":[],"clone":[{"datastore_id":"","full":true,"node_name":"","retries":1,"vm_id":9000}],"cpu":[{"affinity":"","architecture":"","cores":1,"flags":null,"hotplugged":0,"limit":0,"numa":false,"sockets":1,"type":"qemu64","units":0}],"delete_unreferenced_disks_on_destroy":true,"description":null,"disk":[{"aio":"io_uring","backup":true,"cache":"none","datastore_id":"local-lvm","discard":"ignore","file_format":"raw","file_id":"","import_from":"","interface":"scsi0","iothread":false,"path_in_datastore":"vm-109-disk-0","replicate":true,"serial":"","size":8,"speed":[],"ssd":false}],"efi_disk":[],"hook_script_file_id":null,"hostpci":[],"hotplug":null,"id":"109","initialization":[{"datastore_id":"local-lvm","dns":[],"file_format":"","interface":"ide2","ip_config":[{"ipv4":[{"address":"dhcp","gateway":""}],"ipv6":[]}],"meta_data_file_id":"","network_data_file_id":"","type":"","user_account":[{"keys":["ssh-rsa AAAAB3NzaC1yc2EAAAADAQABAAACAQDWm8iQgkZtKOhHV9Kluk/kow8R0T9SeyCz/M0S8wg8mCQOa6Yl3NW2nnEMsZt6tHCeYBrTJPO1+ROBxoTtt1D6TNpwItWvqnhbhxIKDRwFzZ7vA0aS+nf/i3roin0yaW+d2+zYh1WIES/M6ius7t6z7CT07uyUd4u+zVFJtU4mnhcL+yfYbEIJehbmdo+9xehm8Gh+VzzxHacxq2Ap6sBtixbtjIvlb56a69A7pWfvXr7+MLKl07xmjA/SGWXaqwKaChTMjVG70ZhQIGQgqhImcVGe+FlmBIl8wq87FEGFW2z0rU+ZCYQo4gQNpA38xGf677ddSDq9Cw7DQBFnEgwCiKbgwwEvxfwPb6LibMI5eiznD67PdQhVudnGlumOvFpPWOCIe7mSPZENzXuLSS+wqzsav1tumPxqAQpFLQ9b3vhlfYbD9LPV+2Is4aY3PHgZ8X3yHqAZkHgkeHh0+KJo4FNK1Z4ARp4M/fU51kox4TMqqXNwSIZC7dAwm8ruji9UUg4Z3DRFdSk7GLT0z/cd5WdNqsJnY9wfPHK8hrR4uqDzMU47k0/kM+3VIWuJuD2H+Q+2Lw9iDHwnPyUjZsRjliXtDXmcJwFDyLvcu8MeLFVsX6YycMb5NK44GCNkv5/qeN1VOZ2fcQ/LKEO401/eE8I8VkF96O76MvadU6TdFQ== konstantin.hempel@icloud.com"],"password":"**********","username":"debian"}],"user_data_file_id":"","vendor_data_file_id":""}],"ipv4_addresses":[["127.0.0.1"],["192.168.178.133"]],"ipv6_addresses":[["::1"],["2003:c5:af25:ac00:be24:11ff:fe2b:df3b","fdb6:512:1a9d:0:be24:11ff:fe2b:df3b","fe80::be24:11ff:fe2b:df3b"]],"keyboard_layout":"en-us","kvm_arguments":null,"mac_addresses":["00:00:00:00:00:00","BC:24:11:2B:DF:3B"],"machine":null,"memory":[{"dedicated":512,"floating":0,"hugepages":"","keep_hugepages":false,"shared":0}],"migrate":false,"name":"monitor-01","network_device":[{"bridge":"vmbr0","disconnected":false,"enabled":true,"firewall":false,"mac_address":"BC:24:11:2B:DF:3B","model":"virtio","mtu":0,"queues":0,"rate_limit":0,"trunks":"","vlan_id":0}],"network_interface_names":["lo","eth0"],"node_name":"pve","numa":[],"on_boot":true,"operating_system":[],"pool_id":"","protection":false,"purge_on_destroy":true,"reboot":false,"reboot_after_update":true,"rng":[],"scsi_hardware":"virtio-scsi-pci","serial_device":[],"smbios":[],"started":true,"startup":[],"stop_on_destroy":false,"tablet_device":true,"tags":["monitoring","uptime"],"template":false,"timeout_clone":1800,"timeout_create":1800,"timeout_migrate":1800,"timeout_move_disk":1800,"timeout_reboot":1800,"timeout_shutdown_vm":1800,"timeout_start_vm":1800,"timeout_stop_vm":300,"tpm_state":[],"usb":[],"vga":[{"clipboard":"","memory":16,"type":"serial0"}],"virtiofs":[],"vm_id":109,"watchdog":[]},"sensitive_attributes":[[{"type":"get_attr","value":"initialization"},{"type":"index","value":{"value":0,"type":"number"}},{"type":"get_attr","value":"user_account"},{"type":"index","value":{"value":0,"type":"number"}},{"type":"get_attr","value":"keys"},{"type":"index","value":{"value":0,"type":"number"}}],[{"type":"get_attr","value":"initialization"},{"type":"index","value":{"value":0,"type":"number"}},{"type":"get_attr","value":"user_account"},{"type":"index","value":{"value":0,"type":"number"}},{"type":"get_attr","value":"password"}]],"private":"bnVsbA=="},{"index_key":"ntp-01","schema_version":0,"attributes":{"acpi":true,"agent":[],"amd_sev":[],"audio_device":[],"bios":"seabios","boot_order":["scsi0"],"cdrom":[],"clone":[{"datastore_id":"","full":true,"node_name":"","retries":1,"vm_id":9000}],"cpu":[{"affinity":"","architecture":"","cores":1,"flags":null,"hotplugged":0,"limit":0,"numa":false,"sockets":1,"type":"qemu64","units":0}],"delete_unreferenced_disks_on_destroy":true,"description":null,"disk":[{"aio":"io_uring","backup":true,"cache":"none","datastore_id":"local-lvm","discard":"ignore","file_format":"raw","file_id":"","import_from":"","interface":"scsi0","iothread":false,"path_in_datastore":"vm-108-disk-0","replicate":true,"serial":"","size":8,"speed":[],"ssd":false}],"efi_disk":[],"hook_script_file_id":null,"hostpci":[],"hotplug":null,"id":"108","initialization":[{"datastore_id":"local-lvm","dns":[],"file_format":"","interface":"ide2","ip_config":[{"ipv4":[{"address":"dhcp","gateway":""}],"ipv6":[]}],"meta_data_file_id":"","network_data_file_id":"","type":"","user_account":[{"keys":["ssh-rsa AAAAB3NzaC1yc2EAAAADAQABAAACAQDWm8iQgkZtKOhHV9Kluk/kow8R0T9SeyCz/M0S8wg8mCQOa6Yl3NW2nnEMsZt6tHCeYBrTJPO1+ROBxoTtt1D6TNpwItWvqnhbhxIKDRwFzZ7vA0aS+nf/i3roin0yaW+d2+zYh1WIES/M6ius7t6z7CT07uyUd4u+zVFJtU4mnhcL+yfYbEIJehbmdo+9xehm8Gh+VzzxHacxq2Ap6sBtixbtjIvlb56a69A7pWfvXr7+MLKl07xmjA/SGWXaqwKaChTMjVG70ZhQIGQgqhImcVGe+FlmBIl8wq87FEGFW2z0rU+ZCYQo4gQNpA38xGf677ddSDq9Cw7DQBFnEgwCiKbgwwEvxfwPb6LibMI5eiznD67PdQhVudnGlumOvFpPWOCIe7mSPZENzXuLSS+wqzsav1tumPxqAQpFLQ9b3vhlfYbD9LPV+2Is4aY3PHgZ8X3yHqAZkHgkeHh0+KJo4FNK1Z4ARp4M/fU51kox4TMqqXNwSIZC7dAwm8ruji9UUg4Z3DRFdSk7GLT0z/cd5WdNqsJnY9wfPHK8hrR4uqDzMU47k0/kM+3VIWuJuD2H+Q+2Lw9iDHwnPyUjZsRjliXtDXmcJwFDyLvcu8MeLFVsX6YycMb5NK44GCNkv5/qeN1VOZ2fcQ/LKEO401/eE8I8VkF96O76MvadU6TdFQ== konstantin.hempel@icloud.com"],"password":"**********","username":"debian"}],"user_data_file_id":"","vendor_data_file_id":""}],"ipv4_addresses":[["127.0.0.1"],["192.168.178.134"]],"ipv6_addresses":[["::1"],["2003:c5:af25:ac00:be24:11ff:fe24:9ef7","fdb6:512:1a9d:0:be24:11ff:fe24:9ef7","fe80::be24:11ff:fe24:9ef7"]],"keyboard_layout":"en-us","kvm_arguments":null,"mac_addresses":["00:00:00:00:00:00","BC:24:11:24:9E:F7"],"machine":null,"memory":[{"dedicated":256,"floating":0,"hugepages":"","keep_hugepages":false,"shared":0}],"migrate":false,"name":"ntp-01","network_device":[{"bridge":"vmbr0","disconnected":false,"enabled":true,"firewall":false,"mac_address":"BC:24:11:24:9E:F7","model":"virtio","mtu":0,"queues":0,"rate_limit":0,"trunks":"","vlan_id":0}],"network_interface_names":["lo","eth0"],"node_name":"pve","numa":[],"on_boot":true,"operating_system":[],"pool_id":"","protection":false,"purge_on_destroy":true,"reboot":false,"reboot_after_update":true,"rng":[],"scsi_hardware":"virtio-scsi-pci","serial_device":[],"smbios":[],"started":true,"startup":[],"stop_on_destroy":false,"tablet_device":true,"tags":["chrony","network","ntp"],"template":false,"timeout_clone":1800,"timeout_create":1800,"timeout_migrate":1800,"timeout_move_disk":1800,"timeout_reboot":1800,"timeout_shutdown_vm":1800,"timeout_start_vm":1800,"timeout_stop_vm":300,"tpm_state":[],"usb":[],"vga":[{"clipboard":"","memory":16,"type":"serial0"}],"virtiofs":[],"vm_id":108,"watchdog":[]},"sensitive_attributes":[[{"type":"get_attr","value":"initialization"},{"type":"index","value":{"value":0,"type":"number"}},{"type":"get_attr","value":"user_account"},{"type":"index","value":{"value":0,"type":"number"}},{"type":"get_attr","value":"keys"},{"type":"index","value":{"value":0,"type":"number"}}],[{"type":"get_attr","value":"initialization"},{"type":"index","value":{"value":0,"type":"number"}},{"type":"get_attr","value":"user_account"},{"type":"index","value":{"value":0,"type":"number"}},{"type":"get_attr","value":"password"}]],"private":"bnVsbA=="},{"index_key":"vpn-01","schema_version":0,"attributes":{"acpi":true,"agent":[],"amd_sev":[],"audio_device":[],"bios":"seabios","boot_order":["scsi0"],"cdrom":[],"clone":[{"datastore_id":"","full":true,"node_name":"","retries":1,"vm_id":9000}],"cpu":[{"affinity":"","architecture":"","cores":1,"flags":null,"hotplugged":0,"limit":0,"numa":false,"sockets":1,"type":"qemu64","units":0}],"delete_unreferenced_disks_on_destroy":true,"description":null,"disk":[{"aio":"io_uring","backup":true,"cache":"none","datastore_id":"local-lvm","discard":"ignore","file_format":"raw","file_id":"","import_from":"","interface":"scsi0","iothread":false,"path_in_datastore":"vm-110-disk-0","replicate":true,"serial":"","size":8,"speed":[],"ssd":false}],"efi_disk":[],"hook_script_file_id":null,"hostpci":[],"hotplug":null,"id":"110","initialization":[{"datastore_id":"local-lvm","dns":[],"file_format":"","interface":"ide2","ip_config":[{"ipv4":[{"address":"dhcp","gateway":""}],"ipv6":[]}],"meta_data_file_id":"","network_data_file_id":"","type":"","user_account":[{"keys":["ssh-rsa AAAAB3NzaC1yc2EAAAADAQABAAACAQDWm8iQgkZtKOhHV9Kluk/kow8R0T9SeyCz/M0S8wg8mCQOa6Yl3NW2nnEMsZt6tHCeYBrTJPO1+ROBxoTtt1D6TNpwItWvqnhbhxIKDRwFzZ7vA0aS+nf/i3roin0yaW+d2+zYh1WIES/M6ius7t6z7CT07uyUd4u+zVFJtU4mnhcL+yfYbEIJehbmdo+9xehm8Gh+VzzxHacxq2Ap6sBtixbtjIvlb56a69A7pWfvXr7+MLKl07xmjA/SGWXaqwKaChTMjVG70ZhQIGQgqhImcVGe+FlmBIl8wq87FEGFW2z0rU+ZCYQo4gQNpA38xGf677ddSDq9Cw7DQBFnEgwCiKbgwwEvxfwPb6LibMI5eiznD67PdQhVudnGlumOvFpPWOCIe7mSPZENzXuLSS+wqzsav1tumPxqAQpFLQ9b3vhlfYbD9LPV+2Is4aY3PHgZ8X3yHqAZkHgkeHh0+KJo4FNK1Z4ARp4M/fU51kox4TMqqXNwSIZC7dAwm8ruji9UUg4Z3DRFdSk7GLT0z/cd5WdNqsJnY9wfPHK8hrR4uqDzMU47k0/kM+3VIWuJuD2H+Q+2Lw9iDHwnPyUjZsRjliXtDXmcJwFDyLvcu8MeLFVsX6YycMb5NK44GCNkv5/qeN1VOZ2fcQ/LKEO401/eE8I8VkF96O76MvadU6TdFQ== konstantin.hempel@icloud.com"],"password":"**********","username":"debian"}],"user_data_file_id":"","vendor_data_file_id":""}],"ipv4_addresses":[["127.0.0.1"],["192.168.178.135"]],"ipv6_addresses":[["::1"],["2003:c5:af25:ac00:be24:11ff:fe89:e18a","fdb6:512:1a9d:0:be24:11ff:fe89:e18a","fe80::be24:11ff:fe89:e18a"]],"keyboard_layout":"en-us","kvm_arguments":null,"mac_addresses":["00:00:00:00:00:00","BC:24:11:89:E1:8A"],"machine":null,"memory":[{"dedicated":256,"floating":0,"hugepages":"","keep_hugepages":false,"shared":0}],"migrate":false,"name":"vpn-01","network_device":[{"bridge":"vmbr0","disconnected":false,"enabled":true,"firewall":false,"mac_address":"BC:24:11:89:E1:8A","model":"virtio","mtu":0,"queues":0,"rate_limit":0,"trunks":"","vlan_id":0}],"network_interface_names":["lo","eth0"],"node_name":"pve","numa":[],"on_boot":true,"operating_system":[],"pool_id":"","protection":false,"purge_on_destroy":true,"reboot":false,"reboot_after_update":true,"rng":[],"scsi_hardware":"virtio-scsi-pci","serial_device":[],"smbios":[],"started":true,"startup":[],"stop_on_destroy":false,"tablet_device":true,"tags":["tailscale","vpn"],"template":false,"timeout_clone":1800,"timeout_create":1800,"timeout_migrate":1800,"timeout_move_disk":1800,"timeout_reboot":1800,"timeout_shutdown_vm":1800,"timeout_start_vm":1800,"timeout_stop_vm":300,"tpm_state":[],"usb":[],"vga":[{"clipboard":"","memory":16,"type":"serial0"}],"virtiofs":[],"vm_id":110,"watchdog":[]},"sensitive_attributes":[[{"type":"get_attr","value":"initialization"},{"type":"index","value":{"value":0,"type":"number"}},{"type":"get_attr","value":"user_account"},{"type":"index","value":{"value":0,"type":"number"}},{"type":"get_attr","value":"keys"},{"type":"index","value":{"value":0,"type":"number"}}],[{"type":"get_attr","value":"initialization"},{"type":"index","value":{"value":0,"type":"number"}},{"type":"get_attr","value":"user_account"},{"type":"index","value":{"value":0,"type":"number"}},{"type":"get_attr","value":"password"}]],"private":"bnVsbA=="}]}],"check_results":null}
